
Microsoft Visual Studio Solution File, Format Version 12.00
# Visual Studio Version 16
VisualStudioVersion = 16.0.31729.503
MinimumVisualStudioVersion = 10.0.40219.1
Project("{FAE04EC0-301F-11D3-BF4B-00C04F79EFBC}") = "Calculatrrs", "Calculatrrs\Calculatrrs.csproj", "{BF984623-B31D-452B-BB34-F75169794C16}"
EndProject
Global
	GlobalSection(SolutionConfigurationPlatforms) = preSolution
		Debug|Any CPU = Debug|Any CPU
		Release|Any CPU = Release|Any CPU
	EndGlobalSection
	GlobalSection(ProjectConfigurationPlatforms) = postSolution
		{BF984623-B31D-452B-BB34-F75169794C16}.Debug|Any CPU.ActiveCfg = Debug|Any CPU
		{BF984623-B31D-452B-BB34-F75169794C16}.Debug|Any CPU.Build.0 = Debug|Any CPU
		{BF984623-B31D-452B-BB34-F75169794C16}.Release|Any CPU.ActiveCfg = Release|Any CPU
		{BF984623-B31D-452B-BB34-F75169794C16}.Release|Any CPU.Build.0 = Release|Any CPU
	EndGlobalSection
	GlobalSection(SolutionProperties) = preSolution
		HideSolutionNode = FALSE
	EndGlobalSection
	GlobalSection(ExtensibilityGlobals) = postSolution
		SolutionGuid = {867B7747-2A90-45A5-B7F5-71C97D1E71B2}
	EndGlobalSection
EndGlobal
